// !$*UTF8*$!
{
	archiveVersion = 1;
	classes = {
	};
	objectVersion = 46;
	objects = {

/* Begin PBXBuildFile section */
		EED3EA591D1E586B00885C64 /* array.cpp in Sources */ = {isa = PBXBuildFile; fileRef = EED3EA581D1E586B00885C64 /* array.cpp */; };
/* End PBXBuildFile section */

/* Begin PBXCopyFilesBuildPhase section */
		EE21C8E81CEA25CA005DA439 /* CopyFiles */ = {
			isa = PBXCopyFilesBuildPhase;
			buildActionMask = 2147483647;
			dstPath = /usr/share/man/man1/;
			dstSubfolderSpec = 0;
			files = (
			);
			runOnlyForDeploymentPostprocessing = 1;
		};
/* End PBXCopyFilesBuildPhase section */

/* Begin PBXFileReference section */
		EE21C8EA1CEA25CA005DA439 /* 2yeon */ = {isa = PBXFileReference; explicitFileType = "compiled.mach-o.executable"; includeInIndex = 0; path = 2yeon; sourceTree = BUILT_PRODUCTS_DIR; };
		EE21C8ED1CEA25CA005DA439 /* main.cpp */ = {isa = PBXFileReference; lastKnownFileType = sourcecode.cpp.cpp; path = main.cpp; sourceTree = "<group>"; };
		EE4DBE291D0E457200ACF70B /* dhmalloc.c */ = {isa = PBXFileReference; fileEncoding = 4; lastKnownFileType = sourcecode.c.c; path = dhmalloc.c; sourceTree = "<group>"; };
		EED3EA561D1E452300885C64 /* jy.cpp */ = {isa = PBXFileReference; fileEncoding = 4; lastKnownFileType = sourcecode.cpp.cpp; path = jy.cpp; sourceTree = "<group>"; };
		EED3EA581D1E586B00885C64 /* array.cpp */ = {isa = PBXFileReference; fileEncoding = 4; lastKnownFileType = sourcecode.cpp.cpp; path = array.cpp; sourceTree = "<group>"; };
		EEEBAEC41D115202000B5E18 /* sh.cpp */ = {isa = PBXFileReference; fileEncoding = 4; lastKnownFileType = sourcecode.cpp.cpp; path = sh.cpp; sourceTree = "<group>"; };
/* End PBXFileReference section */

/* Begin PBXFrameworksBuildPhase section */
		EE21C8E71CEA25CA005DA439 /* Frameworks */ = {
			isa = PBXFrameworksBuildPhase;
			buildActionMask = 2147483647;
			files = (
			);
			runOnlyForDeploymentPostprocessing = 0;
		};
/* End PBXFrameworksBuildPhase section */

/* Begin PBXGroup section */
		EE21C8E11CEA25CA005DA439 = {
			isa = PBXGroup;
			children = (
				EED3EA581D1E586B00885C64 /* array.cpp */,
				EE21C8EC1CEA25CA005DA439 /* 2yeon */,
				EE21C8EB1CEA25CA005DA439 /* Products */,
			);
			sourceTree = "<group>";
		};
		EE21C8EB1CEA25CA005DA439 /* Products */ = {
			isa = PBXGroup;
			children = (
				EE21C8EA1CEA25CA005DA439 /* 2yeon */,
			);
			name = Products;
			sourceTree = "<group>";
		};
		EE21C8EC1CEA25CA005DA439 /* 2yeon */ = {
			isa = PBXGroup;
			children = (
				EE21C8ED1CEA25CA005DA439 /* main.cpp */,
				EE4DBE291D0E457200ACF70B /* dhmalloc.c */,
				EEEBAEC41D115202000B5E18 /* sh.cpp */,
				EED3EA561D1E452300885C64 /* jy.cpp */,
			);
			path = 2yeon;
			sourceTree = "<group>";
		};
/* End PBXGroup section */

/* Begin PBXNativeTarget section */
		EE21C8E91CEA25CA005DA439 /* 2yeon */ = {
			isa = PBXNativeTarget;
			buildConfigurationList = EE21C8F11CEA25CA005DA439 /* Build configuration list for PBXNativeTarget "2yeon" */;
			buildPhases = (
				EE21C8E61CEA25CA005DA439 /* Sources */,
				EE21C8E71CEA25CA005DA439 /* Frameworks */,
				EE21C8E81CEA25CA005DA439 /* CopyFiles */,
			);
			buildRules = (
			);
			dependencies = (
			);
			name = 2yeon;
			productName = 2yeon;
			productReference = EE21C8EA1CEA25CA005DA439 /* 2yeon */;
			productType = "com.apple.product-type.tool";
		};
/* End PBXNativeTarget section */

/* Begin PBXProject section */
		EE21C8E21CEA25CA005DA439 /* Project object */ = {
			isa = PBXProject;
			attributes = {
				LastUpgradeCheck = 0730;
				ORGANIZATIONNAME = "민석";
				TargetAttributes = {
					EE21C8E91CEA25CA005DA439 = {
						CreatedOnToolsVersion = 7.3;
					};
				};
			};
			buildConfigurationList = EE21C8E51CEA25CA005DA439 /* Build configuration list for PBXProject "2yeon" */;
			compatibilityVersion = "Xcode 3.2";
			developmentRegion = English;
			hasScannedForEncodings = 0;
			knownRegions = (
				en,
			);
			mainGroup = EE21C8E11CEA25CA005DA439;
			productRefGroup = EE21C8EB1CEA25CA005DA439 /* Products */;
			projectDirPath = "";
			projectRoot = "";
			targets = (
				EE21C8E91CEA25CA005DA439 /* 2yeon */,
			);
		};
/* End PBXProject section */

/* Begin PBXSourcesBuildPhase section */
		EE21C8E61CEA25CA005DA439 /* Sources */ = {
			isa = PBXSourcesBuildPhase;
			buildActionMask = 2147483647;
			files = (
				EED3EA591D1E586B00885C64 /* array.cpp in Sources */,
			);
			runOnlyForDeploymentPostprocessing = 0;
		};
/* End PBXSourcesBuildPhase section */

/* Begin XCBuildConfiguration section */
		EE21C8EF1CEA25CA005DA439 /* Debug */ = {
			isa = XCBuildConfiguration;
			buildSettings = {
				ALWAYS_SEARCH_USER_PATHS = NO;
				CLANG_ANALYZER_NONNULL = YES;
				CLANG_CXX_LANGUAGE_STANDARD = "gnu++0x";
				CLANG_CXX_LIBRARY = "libc++";
				CLANG_ENABLE_MODULES = YES;
				CLANG_ENABLE_OBJC_ARC = YES;
				CLANG_WARN_BOOL_CONVERSION = YES;
				CLANG_WARN_CONSTANT_CONVERSION = YES;
				CLANG_WARN_DIRECT_OBJC_ISA_USAGE = YES_ERROR;
				CLANG_WARN_EMPTY_BODY = YES;
				CLANG_WARN_ENUM_CONVERSION = YES;
				CLANG_WARN_INT_CONVERSION = YES;
				CLANG_WARN_OBJC_ROOT_CLASS = YES_ERROR;
				CLANG_WARN_UNREACHABLE_CODE = YES;
				CLANG_WARN__DUPLICATE_METHOD_MATCH = YES;
				CODE_SIGN_IDENTITY = "-";
				COPY_PHASE_STRIP = NO;
				DEBUG_INFORMATION_FORMAT = dwarf;
				ENABLE_STRICT_OBJC_MSGSEND = YES;
				ENABLE_TESTABILITY = YES;
				GCC_C_LANGUAGE_STANDARD = gnu99;
				GCC_DYNAMIC_NO_PIC = NO;
				GCC_NO_COMMON_BLOCKS = YES;
				GCC_OPTIMIZATION_LEVEL = 0;
				GCC_PREPROCESSOR_DEFINITIONS = (
					"DEBUG=1",
					"$(inherited)",
				);
				GCC_WARN_64_TO_32_BIT_CONVERSION = YES;
				GCC_WARN_ABOUT_RETURN_TYPE = YES_ERROR;
				GCC_WARN_UNDECLARED_SELECTOR = YES;
				GCC_WARN_UNINITIALIZED_AUTOS = YES_AGGRESSIVE;
				GCC_WARN_UNUSED_FUNCTION = YES;
				GCC_WARN_UNUSED_VARIABLE = YES;
				MACOSX_DEPLOYMENT_TARGET = 10.11;
				MTL_ENABLE_DEBUG_INFO = YES;
				ONLY_ACTIVE_ARCH = YES;
				SDKROOT = macosx;
			};
			name = Debug;
		};
		EE21C8F01CEA25CA005DA439 /* Release */ = {
			isa = XCBuildConfiguration;
			buildSettings = {
				ALWAYS_SEARCH_USER_PATHS = NO;
				CLANG_ANALYZER_NONNULL = YES;
				CLANG_CXX_LANGUAGE_STANDARD = "gnu++0x";
				CLANG_CXX_LIBRARY = "libc++";
				CLANG_ENABLE_MODULES = YES;
				CLANG_ENABLE_OBJC_ARC = YES;
				CLANG_WARN_BOOL_CONVERSION = YES;
				CLANG_WARN_CONSTANT_CONVERSION = YES;
				CLANG_WARN_DIRECT_OBJC_ISA_USAGE = YES_ERROR;
				CLANG_WARN_EMPTY_BODY = YES;
				CLANG_WARN_ENUM_CONVERSION = YES;
				CLANG_WARN_INT_CONVERSION = YES;
				CLANG_WARN_OBJC_ROOT_CLASS = YES_ERROR;
				CLANG_WARN_UNREACHABLE_CODE = YES;
				CLANG_WARN__DUPLICATE_METHOD_MATCH = YES;
				CODE_SIGN_IDENTITY = "-";
				COPY_PHASE_STRIP = NO;
				DEBUG_INFORMATION_FORMAT = "dwarf-with-dsym";
				ENABLE_NS_ASSERTIONS = NO;
				ENABLE_STRICT_OBJC_MSGSEND = YES;
				GCC_C_LANGUAGE_STANDARD = gnu99;
				GCC_NO_COMMON_BLOCKS = YES;
				GCC_WARN_64_TO_32_BIT_CONVERSION = YES;
				GCC_WARN_ABOUT_RETURN_TYPE = YES_ERROR;
				GCC_WARN_UNDECLARED_SELECTOR = YES;
				GCC_WARN_UNINITIALIZED_AUTOS = YES_AGGRESSIVE;
				GCC_WARN_UNUSED_FUNCTION = YES;
				GCC_WARN_UNUSED_VARIABLE = YES;
				MACOSX_DEPLOYMENT_TARGET = 10.11;
				MTL_ENABLE_DEBUG_INFO = NO;
				SDKROOT = macosx;
			};
			name = Release;
		};
		EE21C8F21CEA25CA005DA439 /* Debug */ = {
			isa = XCBuildConfiguration;
			buildSettings = {
				PRODUCT_NAME = "$(TARGET_NAME)";
			};
			name = Debug;
		};
		EE21C8F31CEA25CA005DA439 /* Release */ = {
			isa = XCBuildConfiguration;
			buildSettings = {
				PRODUCT_NAME = "$(TARGET_NAME)";
			};
			name = Release;
		};
/* End XCBuildConfiguration section */

/* Begin XCConfigurationList section */
		EE21C8E51CEA25CA005DA439 /* Build configuration list for PBXProject "2yeon" */ = {
			isa = XCConfigurationList;
			buildConfigurations = (
				EE21C8EF1CEA25CA005DA439 /* Debug */,
				EE21C8F01CEA25CA005DA439 /* Release */,
			);
			defaultConfigurationIsVisible = 0;
			defaultConfigurationName = Release;
		};
		EE21C8F11CEA25CA005DA439 /* Build configuration list for PBXNativeTarget "2yeon" */ = {
			isa = XCConfigurationList;
			buildConfigurations = (
				EE21C8F21CEA25CA005DA439 /* Debug */,
				EE21C8F31CEA25CA005DA439 /* Release */,
			);
			defaultConfigurationIsVisible = 0;
			defaultConfigurationName = Release;
		};
/* End XCConfigurationList section */
	};
	rootObject = EE21C8E21CEA25CA005DA439 /* Project object */;
}
